// !$*UTF8*$!
{
	archiveVersion = 1;
	classes = {
	};
	objectVersion = 46;
	objects = {

/* Begin PBXBuildFile section */
		C915A27A1AC366A000D17E1E /* LaunchViewController.m in Sources */ = {isa = PBXBuildFile; fileRef = C915A2791AC366A000D17E1E /* LaunchViewController.m */; };
		C915A2A01AC471D800D17E1E /* StudentViewController.m in Sources */ = {isa = PBXBuildFile; fileRef = C915A29F1AC471D800D17E1E /* StudentViewController.m */; };
		C915A2A81AC4751B00D17E1E /* Parse.framework in Frameworks */ = {isa = PBXBuildFile; fileRef = C915A2A71AC4751B00D17E1E /* Parse.framework */; };
		C915A2AA1AC4752900D17E1E /* AudioToolbox.framework in Frameworks */ = {isa = PBXBuildFile; fileRef = C915A2A91AC4752900D17E1E /* AudioToolbox.framework */; };
		C915A2AC1AC4753600D17E1E /* Accounts.framework in Frameworks */ = {isa = PBXBuildFile; fileRef = C915A2AB1AC4753600D17E1E /* Accounts.framework */; };
		C915A2AE1AC4754100D17E1E /* CFNetwork.framework in Frameworks */ = {isa = PBXBuildFile; fileRef = C915A2AD1AC4754100D17E1E /* CFNetwork.framework */; };
		C915A2B01AC4754C00D17E1E /* CoreGraphics.framework in Frameworks */ = {isa = PBXBuildFile; fileRef = C915A2AF1AC4754C00D17E1E /* CoreGraphics.framework */; };
		C915A2B21AC4755300D17E1E /* CoreLocation.framework in Frameworks */ = {isa = PBXBuildFile; fileRef = C915A2B11AC4755300D17E1E /* CoreLocation.framework */; };
		C915A2B41AC4756700D17E1E /* libsqlite3.dylib in Frameworks */ = {isa = PBXBuildFile; fileRef = C915A2B31AC4756700D17E1E /* libsqlite3.dylib */; };
		C915A2B61AC4757300D17E1E /* libz.1.1.3.dylib in Frameworks */ = {isa = PBXBuildFile; fileRef = C915A2B51AC4757300D17E1E /* libz.1.1.3.dylib */; };
		C915A2B81AC4757D00D17E1E /* MobileCoreServices.framework in Frameworks */ = {isa = PBXBuildFile; fileRef = C915A2B71AC4757D00D17E1E /* MobileCoreServices.framework */; };
		C915A2BA1AC4758800D17E1E /* QuartzCore.framework in Frameworks */ = {isa = PBXBuildFile; fileRef = C915A2B91AC4758800D17E1E /* QuartzCore.framework */; };
		C915A2BC1AC4759100D17E1E /* Security.framework in Frameworks */ = {isa = PBXBuildFile; fileRef = C915A2BB1AC4759100D17E1E /* Security.framework */; };
		C915A2BE1AC4759B00D17E1E /* Social.framework in Frameworks */ = {isa = PBXBuildFile; fileRef = C915A2BD1AC4759B00D17E1E /* Social.framework */; };
		C915A2C01AC475A200D17E1E /* StoreKit.framework in Frameworks */ = {isa = PBXBuildFile; fileRef = C915A2BF1AC475A200D17E1E /* StoreKit.framework */; };
		C915A2C21AC475AD00D17E1E /* SystemConfiguration.framework in Frameworks */ = {isa = PBXBuildFile; fileRef = C915A2C11AC475AD00D17E1E /* SystemConfiguration.framework */; };
		C915A2C41AC475B500D17E1E /* UIKit.framework in Frameworks */ = {isa = PBXBuildFile; fileRef = C915A2C31AC475B500D17E1E /* UIKit.framework */; };
		C915A2C61AC475BD00D17E1E /* Foundation.framework in Frameworks */ = {isa = PBXBuildFile; fileRef = C915A2C51AC475BD00D17E1E /* Foundation.framework */; };
		C915A2C81AC4766000D17E1E /* Bolts.framework in Frameworks */ = {isa = PBXBuildFile; fileRef = C915A2C71AC4766000D17E1E /* Bolts.framework */; };
		C9402DC41AC31981006FB1F5 /* main.m in Sources */ = {isa = PBXBuildFile; fileRef = C9402DC31AC31981006FB1F5 /* main.m */; };
		C9402DC71AC31981006FB1F5 /* AppDelegate.m in Sources */ = {isa = PBXBuildFile; fileRef = C9402DC61AC31981006FB1F5 /* AppDelegate.m */; };
		C9402DCA1AC31981006FB1F5 /* Information.xcdatamodeld in Sources */ = {isa = PBXBuildFile; fileRef = C9402DC81AC31981006FB1F5 /* Information.xcdatamodeld */; };
		C9402DD01AC31981006FB1F5 /* Main.storyboard in Resources */ = {isa = PBXBuildFile; fileRef = C9402DCE1AC31981006FB1F5 /* Main.storyboard */; };
		C9402DD21AC31981006FB1F5 /* Images.xcassets in Resources */ = {isa = PBXBuildFile; fileRef = C9402DD11AC31981006FB1F5 /* Images.xcassets */; };
		C9402DE11AC31981006FB1F5 /* InformationTests.m in Sources */ = {isa = PBXBuildFile; fileRef = C9402DE01AC31981006FB1F5 /* InformationTests.m */; };
		C9402E081AC343F0006FB1F5 /* HelperClass.m in Sources */ = {isa = PBXBuildFile; fileRef = C9402E071AC343F0006FB1F5 /* HelperClass.m */; };
		C9402E0B1AC3488B006FB1F5 /* Student.m in Sources */ = {isa = PBXBuildFile; fileRef = C9402E0A1AC3488B006FB1F5 /* Student.m */; };
		C9402E0E1AC3488B006FB1F5 /* Tutor.m in Sources */ = {isa = PBXBuildFile; fileRef = C9402E0D1AC3488B006FB1F5 /* Tutor.m */; };
		C9402E111AC3488B006FB1F5 /* Person.m in Sources */ = {isa = PBXBuildFile; fileRef = C9402E101AC3488B006FB1F5 /* Person.m */; };
		C9402E141AC3488B006FB1F5 /* Staff.m in Sources */ = {isa = PBXBuildFile; fileRef = C9402E131AC3488B006FB1F5 /* Staff.m */; };
		C9D8DDCF1ACEE6DD00E6AC87 /* SignInViewController.swift in Sources */ = {isa = PBXBuildFile; fileRef = C9D8DDCE1ACEE6DD00E6AC87 /* SignInViewController.swift */; };
/* End PBXBuildFile section */

/* Begin PBXContainerItemProxy section */
		C9402DDB1AC31981006FB1F5 /* PBXContainerItemProxy */ = {
			isa = PBXContainerItemProxy;
			containerPortal = C9402DB61AC31980006FB1F5 /* Project object */;
			proxyType = 1;
			remoteGlobalIDString = C9402DBD1AC31981006FB1F5;
			remoteInfo = Information;
		};
/* End PBXContainerItemProxy section */

/* Begin PBXFileReference section */
		C915A2781AC366A000D17E1E /* LaunchViewController.h */ = {isa = PBXFileReference; fileEncoding = 4; lastKnownFileType = sourcecode.c.h; path = LaunchViewController.h; sourceTree = "<group>"; };
		C915A2791AC366A000D17E1E /* LaunchViewController.m */ = {isa = PBXFileReference; fileEncoding = 4; lastKnownFileType = sourcecode.c.objc; path = LaunchViewController.m; sourceTree = "<group>"; };
		C915A29E1AC471D800D17E1E /* StudentViewController.h */ = {isa = PBXFileReference; fileEncoding = 4; lastKnownFileType = sourcecode.c.h; path = StudentViewController.h; sourceTree = "<group>"; };
		C915A29F1AC471D800D17E1E /* StudentViewController.m */ = {isa = PBXFileReference; fileEncoding = 4; lastKnownFileType = sourcecode.c.objc; path = StudentViewController.m; sourceTree = "<group>"; };
		C915A2A71AC4751B00D17E1E /* Parse.framework */ = {isa = PBXFileReference; lastKnownFileType = wrapper.framework; name = Parse.framework; path = ../../../../../Volumes/Work/Parse/Parse.framework; sourceTree = "<group>"; };
		C915A2A91AC4752900D17E1E /* AudioToolbox.framework */ = {isa = PBXFileReference; lastKnownFileType = wrapper.framework; name = AudioToolbox.framework; path = System/Library/Frameworks/AudioToolbox.framework; sourceTree = SDKROOT; };
		C915A2AB1AC4753600D17E1E /* Accounts.framework */ = {isa = PBXFileReference; lastKnownFileType = wrapper.framework; name = Accounts.framework; path = System/Library/Frameworks/Accounts.framework; sourceTree = SDKROOT; };
		C915A2AD1AC4754100D17E1E /* CFNetwork.framework */ = {isa = PBXFileReference; lastKnownFileType = wrapper.framework; name = CFNetwork.framework; path = System/Library/Frameworks/CFNetwork.framework; sourceTree = SDKROOT; };
		C915A2AF1AC4754C00D17E1E /* CoreGraphics.framework */ = {isa = PBXFileReference; lastKnownFileType = wrapper.framework; name = CoreGraphics.framework; path = System/Library/Frameworks/CoreGraphics.framework; sourceTree = SDKROOT; };
		C915A2B11AC4755300D17E1E /* CoreLocation.framework */ = {isa = PBXFileReference; lastKnownFileType = wrapper.framework; name = CoreLocation.framework; path = System/Library/Frameworks/CoreLocation.framework; sourceTree = SDKROOT; };
		C915A2B31AC4756700D17E1E /* libsqlite3.dylib */ = {isa = PBXFileReference; lastKnownFileType = "compiled.mach-o.dylib"; name = libsqlite3.dylib; path = usr/lib/libsqlite3.dylib; sourceTree = SDKROOT; };
		C915A2B51AC4757300D17E1E /* libz.1.1.3.dylib */ = {isa = PBXFileReference; lastKnownFileType = "compiled.mach-o.dylib"; name = libz.1.1.3.dylib; path = usr/lib/libz.1.1.3.dylib; sourceTree = SDKROOT; };
		C915A2B71AC4757D00D17E1E /* MobileCoreServices.framework */ = {isa = PBXFileReference; lastKnownFileType = wrapper.framework; name = MobileCoreServices.framework; path = System/Library/Frameworks/MobileCoreServices.framework; sourceTree = SDKROOT; };
		C915A2B91AC4758800D17E1E /* QuartzCore.framework */ = {isa = PBXFileReference; lastKnownFileType = wrapper.framework; name = QuartzCore.framework; path = System/Library/Frameworks/QuartzCore.framework; sourceTree = SDKROOT; };
		C915A2BB1AC4759100D17E1E /* Security.framework */ = {isa = PBXFileReference; lastKnownFileType = wrapper.framework; name = Security.framework; path = System/Library/Frameworks/Security.framework; sourceTree = SDKROOT; };
		C915A2BD1AC4759B00D17E1E /* Social.framework */ = {isa = PBXFileReference; lastKnownFileType = wrapper.framework; name = Social.framework; path = System/Library/Frameworks/Social.framework; sourceTree = SDKROOT; };
		C915A2BF1AC475A200D17E1E /* StoreKit.framework */ = {isa = PBXFileReference; lastKnownFileType = wrapper.framework; name = StoreKit.framework; path = System/Library/Frameworks/StoreKit.framework; sourceTree = SDKROOT; };
		C915A2C11AC475AD00D17E1E /* SystemConfiguration.framework */ = {isa = PBXFileReference; lastKnownFileType = wrapper.framework; name = SystemConfiguration.framework; path = System/Library/Frameworks/SystemConfiguration.framework; sourceTree = SDKROOT; };
		C915A2C31AC475B500D17E1E /* UIKit.framework */ = {isa = PBXFileReference; lastKnownFileType = wrapper.framework; name = UIKit.framework; path = System/Library/Frameworks/UIKit.framework; sourceTree = SDKROOT; };
		C915A2C51AC475BD00D17E1E /* Foundation.framework */ = {isa = PBXFileReference; lastKnownFileType = wrapper.framework; name = Foundation.framework; path = System/Library/Frameworks/Foundation.framework; sourceTree = SDKROOT; };
		C915A2C71AC4766000D17E1E /* Bolts.framework */ = {isa = PBXFileReference; lastKnownFileType = wrapper.framework; name = Bolts.framework; path = ../../../../../Volumes/Work/Parse/Bolts.framework; sourceTree = "<group>"; };
		C9402DBE1AC31981006FB1F5 /* Information.app */ = {isa = PBXFileReference; explicitFileType = wrapper.application; includeInIndex = 0; path = Information.app; sourceTree = BUILT_PRODUCTS_DIR; };
		C9402DC21AC31981006FB1F5 /* Info.plist */ = {isa = PBXFileReference; lastKnownFileType = text.plist.xml; path = Info.plist; sourceTree = "<group>"; };
		C9402DC31AC31981006FB1F5 /* main.m */ = {isa = PBXFileReference; lastKnownFileType = sourcecode.c.objc; path = main.m; sourceTree = "<group>"; };
		C9402DC51AC31981006FB1F5 /* AppDelegate.h */ = {isa = PBXFileReference; lastKnownFileType = sourcecode.c.h; path = AppDelegate.h; sourceTree = "<group>"; };
		C9402DC61AC31981006FB1F5 /* AppDelegate.m */ = {isa = PBXFileReference; lastKnownFileType = sourcecode.c.objc; path = AppDelegate.m; sourceTree = "<group>"; };
		C9402DC91AC31981006FB1F5 /* Information.xcdatamodel */ = {isa = PBXFileReference; lastKnownFileType = wrapper.xcdatamodel; path = Information.xcdatamodel; sourceTree = "<group>"; };
		C9402DCF1AC31981006FB1F5 /* Base */ = {isa = PBXFileReference; lastKnownFileType = file.storyboard; name = Base; path = Base.lproj/Main.storyboard; sourceTree = "<group>"; };
		C9402DD11AC31981006FB1F5 /* Images.xcassets */ = {isa = PBXFileReference; lastKnownFileType = folder.assetcatalog; path = Images.xcassets; sourceTree = "<group>"; };
		C9402DDA1AC31981006FB1F5 /* InformationTests.xctest */ = {isa = PBXFileReference; explicitFileType = wrapper.cfbundle; includeInIndex = 0; path = InformationTests.xctest; sourceTree = BUILT_PRODUCTS_DIR; };
		C9402DDF1AC31981006FB1F5 /* Info.plist */ = {isa = PBXFileReference; lastKnownFileType = text.plist.xml; path = Info.plist; sourceTree = "<group>"; };
		C9402DE01AC31981006FB1F5 /* InformationTests.m */ = {isa = PBXFileReference; lastKnownFileType = sourcecode.c.objc; path = InformationTests.m; sourceTree = "<group>"; };
		C9402E061AC343F0006FB1F5 /* HelperClass.h */ = {isa = PBXFileReference; fileEncoding = 4; lastKnownFileType = sourcecode.c.h; name = HelperClass.h; path = ../HelperClass.h; sourceTree = "<group>"; };
		C9402E071AC343F0006FB1F5 /* HelperClass.m */ = {isa = PBXFileReference; fileEncoding = 4; lastKnownFileType = sourcecode.c.objc; name = HelperClass.m; path = ../HelperClass.m; sourceTree = "<group>"; };
		C9402E091AC3488B006FB1F5 /* Student.h */ = {isa = PBXFileReference; fileEncoding = 4; lastKnownFileType = sourcecode.c.h; name = Student.h; path = ../Student.h; sourceTree = "<group>"; };
		C9402E0A1AC3488B006FB1F5 /* Student.m */ = {isa = PBXFileReference; fileEncoding = 4; lastKnownFileType = sourcecode.c.objc; name = Student.m; path = ../Student.m; sourceTree = "<group>"; };
		C9402E0C1AC3488B006FB1F5 /* Tutor.h */ = {isa = PBXFileReference; fileEncoding = 4; lastKnownFileType = sourcecode.c.h; name = Tutor.h; path = ../Tutor.h; sourceTree = "<group>"; };
		C9402E0D1AC3488B006FB1F5 /* Tutor.m */ = {isa = PBXFileReference; fileEncoding = 4; lastKnownFileType = sourcecode.c.objc; name = Tutor.m; path = ../Tutor.m; sourceTree = "<group>"; };
		C9402E0F1AC3488B006FB1F5 /* Person.h */ = {isa = PBXFileReference; fileEncoding = 4; lastKnownFileType = sourcecode.c.h; name = Person.h; path = ../Person.h; sourceTree = "<group>"; };
		C9402E101AC3488B006FB1F5 /* Person.m */ = {isa = PBXFileReference; fileEncoding = 4; lastKnownFileType = sourcecode.c.objc; name = Person.m; path = ../Person.m; sourceTree = "<group>"; };
		C9402E121AC3488B006FB1F5 /* Staff.h */ = {isa = PBXFileReference; fileEncoding = 4; lastKnownFileType = sourcecode.c.h; name = Staff.h; path = ../Staff.h; sourceTree = "<group>"; };
		C9402E131AC3488B006FB1F5 /* Staff.m */ = {isa = PBXFileReference; fileEncoding = 4; lastKnownFileType = sourcecode.c.objc; name = Staff.m; path = ../Staff.m; sourceTree = "<group>"; };
		C9D8DDCE1ACEE6DD00E6AC87 /* SignInViewController.swift */ = {isa = PBXFileReference; fileEncoding = 4; lastKnownFileType = sourcecode.swift; path = SignInViewController.swift; sourceTree = "<group>"; };
		C9D8DDD81AD2E12B00E6AC87 /* <#Information#>-Bridging-Header.h */ = {isa = PBXFileReference; lastKnownFileType = sourcecode.c.h; path = "<#Information#>-Bridging-Header.h"; sourceTree = "<group>"; };
/* End PBXFileReference section */

/* Begin PBXFrameworksBuildPhase section */
		C9402DBB1AC31981006FB1F5 /* Frameworks */ = {
			isa = PBXFrameworksBuildPhase;
			buildActionMask = 2147483647;
			files = (
				C915A2C81AC4766000D17E1E /* Bolts.framework in Frameworks */,
				C915A2C61AC475BD00D17E1E /* Foundation.framework in Frameworks */,
				C915A2C41AC475B500D17E1E /* UIKit.framework in Frameworks */,
				C915A2C21AC475AD00D17E1E /* SystemConfiguration.framework in Frameworks */,
				C915A2C01AC475A200D17E1E /* StoreKit.framework in Frameworks */,
				C915A2BE1AC4759B00D17E1E /* Social.framework in Frameworks */,
				C915A2BC1AC4759100D17E1E /* Security.framework in Frameworks */,
				C915A2BA1AC4758800D17E1E /* QuartzCore.framework in Frameworks */,
				C915A2B81AC4757D00D17E1E /* MobileCoreServices.framework in Frameworks */,
				C915A2B61AC4757300D17E1E /* libz.1.1.3.dylib in Frameworks */,
				C915A2B41AC4756700D17E1E /* libsqlite3.dylib in Frameworks */,
				C915A2B21AC4755300D17E1E /* CoreLocation.framework in Frameworks */,
				C915A2B01AC4754C00D17E1E /* CoreGraphics.framework in Frameworks */,
				C915A2AE1AC4754100D17E1E /* CFNetwork.framework in Frameworks */,
				C915A2AC1AC4753600D17E1E /* Accounts.framework in Frameworks */,
				C915A2AA1AC4752900D17E1E /* AudioToolbox.framework in Frameworks */,
				C915A2A81AC4751B00D17E1E /* Parse.framework in Frameworks */,
			);
			runOnlyForDeploymentPostprocessing = 0;
		};
		C9402DD71AC31981006FB1F5 /* Frameworks */ = {
			isa = PBXFrameworksBuildPhase;
			buildActionMask = 2147483647;
			files = (
			);
			runOnlyForDeploymentPostprocessing = 0;
		};
/* End PBXFrameworksBuildPhase section */

/* Begin PBXGroup section */
		C915A2871AC46F3A00D17E1E /* Frameworks */ = {
			isa = PBXGroup;
			children = (
				C915A2C71AC4766000D17E1E /* Bolts.framework */,
				C915A2C51AC475BD00D17E1E /* Foundation.framework */,
				C915A2C31AC475B500D17E1E /* UIKit.framework */,
				C915A2C11AC475AD00D17E1E /* SystemConfiguration.framework */,
				C915A2BF1AC475A200D17E1E /* StoreKit.framework */,
				C915A2BD1AC4759B00D17E1E /* Social.framework */,
				C915A2BB1AC4759100D17E1E /* Security.framework */,
				C915A2B91AC4758800D17E1E /* QuartzCore.framework */,
				C915A2B71AC4757D00D17E1E /* MobileCoreServices.framework */,
				C915A2B51AC4757300D17E1E /* libz.1.1.3.dylib */,
				C915A2B31AC4756700D17E1E /* libsqlite3.dylib */,
				C915A2B11AC4755300D17E1E /* CoreLocation.framework */,
				C915A2AF1AC4754C00D17E1E /* CoreGraphics.framework */,
				C915A2AD1AC4754100D17E1E /* CFNetwork.framework */,
				C915A2AB1AC4753600D17E1E /* Accounts.framework */,
				C915A2A91AC4752900D17E1E /* AudioToolbox.framework */,
				C915A2A71AC4751B00D17E1E /* Parse.framework */,
			);
			name = Frameworks;
			sourceTree = "<group>";
		};
		C9402DB51AC31980006FB1F5 = {
			isa = PBXGroup;
			children = (
				C9D8DDD81AD2E12B00E6AC87 /* <#Information#>-Bridging-Header.h */,
				C915A2871AC46F3A00D17E1E /* Frameworks */,
				C9402DC01AC31981006FB1F5 /* Information */,
				C9402DDD1AC31981006FB1F5 /* InformationTests */,
				C9402DBF1AC31981006FB1F5 /* Products */,
			);
			sourceTree = "<group>";
		};
		C9402DBF1AC31981006FB1F5 /* Products */ = {
			isa = PBXGroup;
			children = (
				C9402DBE1AC31981006FB1F5 /* Information.app */,
				C9402DDA1AC31981006FB1F5 /* InformationTests.xctest */,
			);
			name = Products;
			sourceTree = "<group>";
		};
		C9402DC01AC31981006FB1F5 /* Information */ = {
			isa = PBXGroup;
			children = (
				C9402DC51AC31981006FB1F5 /* AppDelegate.h */,
				C9402DC61AC31981006FB1F5 /* AppDelegate.m */,
				C915A2781AC366A000D17E1E /* LaunchViewController.h */,
				C915A2791AC366A000D17E1E /* LaunchViewController.m */,
				C915A29E1AC471D800D17E1E /* StudentViewController.h */,
				C915A29F1AC471D800D17E1E /* StudentViewController.m */,
				C9402DCE1AC31981006FB1F5 /* Main.storyboard */,
				C9D8DDCE1ACEE6DD00E6AC87 /* SignInViewController.swift */,
				C9402DD11AC31981006FB1F5 /* Images.xcassets */,
				C9402DF61AC32CB3006FB1F5 /* Core Data */,
				C9402DC11AC31981006FB1F5 /* Supporting Files */,
			);
			path = Information;
			sourceTree = "<group>";
		};
		C9402DC11AC31981006FB1F5 /* Supporting Files */ = {
			isa = PBXGroup;
			children = (
				C9402DC21AC31981006FB1F5 /* Info.plist */,
				C9402DC31AC31981006FB1F5 /* main.m */,
			);
			name = "Supporting Files";
			sourceTree = "<group>";
		};
		C9402DDD1AC31981006FB1F5 /* InformationTests */ = {
			isa = PBXGroup;
			children = (
				C9402DE01AC31981006FB1F5 /* InformationTests.m */,
				C9402DDE1AC31981006FB1F5 /* Supporting Files */,
			);
			path = InformationTests;
			sourceTree = "<group>";
		};
		C9402DDE1AC31981006FB1F5 /* Supporting Files */ = {
			isa = PBXGroup;
			children = (
				C9402DDF1AC31981006FB1F5 /* Info.plist */,
			);
			name = "Supporting Files";
			sourceTree = "<group>";
		};
		C9402DF61AC32CB3006FB1F5 /* Core Data */ = {
			isa = PBXGroup;
			children = (
				C9402E121AC3488B006FB1F5 /* Staff.h */,
				C9402E131AC3488B006FB1F5 /* Staff.m */,
				C9402E0F1AC3488B006FB1F5 /* Person.h */,
				C9402E101AC3488B006FB1F5 /* Person.m */,
				C9402E0C1AC3488B006FB1F5 /* Tutor.h */,
				C9402E0D1AC3488B006FB1F5 /* Tutor.m */,
				C9402E091AC3488B006FB1F5 /* Student.h */,
				C9402E0A1AC3488B006FB1F5 /* Student.m */,
				C9402E061AC343F0006FB1F5 /* HelperClass.h */,
				C9402E071AC343F0006FB1F5 /* HelperClass.m */,
				C9402DC81AC31981006FB1F5 /* Information.xcdatamodeld */,
			);
			name = "Core Data";
			sourceTree = "<group>";
		};
/* End PBXGroup section */

/* Begin PBXNativeTarget section */
		C9402DBD1AC31981006FB1F5 /* Information */ = {
			isa = PBXNativeTarget;
			buildConfigurationList = C9402DE41AC31981006FB1F5 /* Build configuration list for PBXNativeTarget "Information" */;
			buildPhases = (
				C9402DBA1AC31981006FB1F5 /* Sources */,
				C9402DBB1AC31981006FB1F5 /* Frameworks */,
				C9402DBC1AC31981006FB1F5 /* Resources */,
			);
			buildRules = (
			);
			dependencies = (
			);
			name = Information;
			productName = Information;
			productReference = C9402DBE1AC31981006FB1F5 /* Information.app */;
			productType = "com.apple.product-type.application";
		};
		C9402DD91AC31981006FB1F5 /* InformationTests */ = {
			isa = PBXNativeTarget;
			buildConfigurationList = C9402DE71AC31981006FB1F5 /* Build configuration list for PBXNativeTarget "InformationTests" */;
			buildPhases = (
				C9402DD61AC31981006FB1F5 /* Sources */,
				C9402DD71AC31981006FB1F5 /* Frameworks */,
				C9402DD81AC31981006FB1F5 /* Resources */,
			);
			buildRules = (
			);
			dependencies = (
				C9402DDC1AC31981006FB1F5 /* PBXTargetDependency */,
			);
			name = InformationTests;
			productName = InformationTests;
			productReference = C9402DDA1AC31981006FB1F5 /* InformationTests.xctest */;
			productType = "com.apple.product-type.bundle.unit-test";
		};
/* End PBXNativeTarget section */

/* Begin PBXProject section */
		C9402DB61AC31980006FB1F5 /* Project object */ = {
			isa = PBXProject;
			attributes = {
				LastUpgradeCheck = 0620;
				ORGANIZATIONNAME = Vastika;
				TargetAttributes = {
					C9402DBD1AC31981006FB1F5 = {
						CreatedOnToolsVersion = 6.2;
					};
					C9402DD91AC31981006FB1F5 = {
						CreatedOnToolsVersion = 6.2;
						TestTargetID = C9402DBD1AC31981006FB1F5;
					};
				};
			};
			buildConfigurationList = C9402DB91AC31980006FB1F5 /* Build configuration list for PBXProject "Information" */;
			compatibilityVersion = "Xcode 3.2";
			developmentRegion = English;
			hasScannedForEncodings = 0;
			knownRegions = (
				en,
				Base,
			);
			mainGroup = C9402DB51AC31980006FB1F5;
			productRefGroup = C9402DBF1AC31981006FB1F5 /* Products */;
			projectDirPath = "";
			projectRoot = "";
			targets = (
				C9402DBD1AC31981006FB1F5 /* Information */,
				C9402DD91AC31981006FB1F5 /* InformationTests */,
			);
		};
/* End PBXProject section */

/* Begin PBXResourcesBuildPhase section */
		C9402DBC1AC31981006FB1F5 /* Resources */ = {
			isa = PBXResourcesBuildPhase;
			buildActionMask = 2147483647;
			files = (
				C9402DD01AC31981006FB1F5 /* Main.storyboard in Resources */,
				C9402DD21AC31981006FB1F5 /* Images.xcassets in Resources */,
			);
			runOnlyForDeploymentPostprocessing = 0;
		};
		C9402DD81AC31981006FB1F5 /* Resources */ = {
			isa = PBXResourcesBuildPhase;
			buildActionMask = 2147483647;
			files = (
			);
			runOnlyForDeploymentPostprocessing = 0;
		};
/* End PBXResourcesBuildPhase section */

/* Begin PBXSourcesBuildPhase section */
		C9402DBA1AC31981006FB1F5 /* Sources */ = {
			isa = PBXSourcesBuildPhase;
			buildActionMask = 2147483647;
			files = (
				C9D8DDCF1ACEE6DD00E6AC87 /* SignInViewController.swift in Sources */,
				C9402E0E1AC3488B006FB1F5 /* Tutor.m in Sources */,
				C9402DCA1AC31981006FB1F5 /* Information.xcdatamodeld in Sources */,
				C9402E111AC3488B006FB1F5 /* Person.m in Sources */,
				C915A27A1AC366A000D17E1E /* LaunchViewController.m in Sources */,
				C915A2A01AC471D800D17E1E /* StudentViewController.m in Sources */,
				C9402E141AC3488B006FB1F5 /* Staff.m in Sources */,
				C9402DC71AC31981006FB1F5 /* AppDelegate.m in Sources */,
				C9402E081AC343F0006FB1F5 /* HelperClass.m in Sources */,
				C9402DC41AC31981006FB1F5 /* main.m in Sources */,
				C9402E0B1AC3488B006FB1F5 /* Student.m in Sources */,
			);
			runOnlyForDeploymentPostprocessing = 0;
		};
		C9402DD61AC31981006FB1F5 /* Sources */ = {
			isa = PBXSourcesBuildPhase;
			buildActionMask = 2147483647;
			files = (
				C9402DE11AC31981006FB1F5 /* InformationTests.m in Sources */,
			);
			runOnlyForDeploymentPostprocessing = 0;
		};
/* End PBXSourcesBuildPhase section */

/* Begin PBXTargetDependency section */
		C9402DDC1AC31981006FB1F5 /* PBXTargetDependency */ = {
			isa = PBXTargetDependency;
			target = C9402DBD1AC31981006FB1F5 /* Information */;
			targetProxy = C9402DDB1AC31981006FB1F5 /* PBXContainerItemProxy */;
		};
/* End PBXTargetDependency section */

/* Begin PBXVariantGroup section */
		C9402DCE1AC31981006FB1F5 /* Main.storyboard */ = {
			isa = PBXVariantGroup;
			children = (
				C9402DCF1AC31981006FB1F5 /* Base */,
			);
			name = Main.storyboard;
			sourceTree = "<group>";
		};
/* End PBXVariantGroup section */

/* Begin XCBuildConfiguration section */
		C9402DE21AC31981006FB1F5 /* Debug */ = {
			isa = XCBuildConfiguration;
			buildSettings = {
				ALWAYS_SEARCH_USER_PATHS = NO;
				CLANG_CXX_LANGUAGE_STANDARD = "gnu++0x";
				CLANG_CXX_LIBRARY = "libc++";
				CLANG_ENABLE_MODULES = YES;
				CLANG_ENABLE_OBJC_ARC = YES;
				CLANG_WARN_BOOL_CONVERSION = YES;
				CLANG_WARN_CONSTANT_CONVERSION = YES;
				CLANG_WARN_DIRECT_OBJC_ISA_USAGE = YES_ERROR;
				CLANG_WARN_EMPTY_BODY = YES;
				CLANG_WARN_ENUM_CONVERSION = YES;
				CLANG_WARN_INT_CONVERSION = YES;
				CLANG_WARN_OBJC_ROOT_CLASS = YES_ERROR;
				CLANG_WARN_UNREACHABLE_CODE = YES;
				CLANG_WARN__DUPLICATE_METHOD_MATCH = YES;
				"CODE_SIGN_IDENTITY[sdk=iphoneos*]" = "iPhone Developer";
				COPY_PHASE_STRIP = NO;
				ENABLE_STRICT_OBJC_MSGSEND = YES;
				GCC_C_LANGUAGE_STANDARD = gnu99;
				GCC_DYNAMIC_NO_PIC = NO;
				GCC_OPTIMIZATION_LEVEL = 0;
				GCC_PREPROCESSOR_DEFINITIONS = (
					"DEBUG=1",
					"$(inherited)",
				);
				GCC_SYMBOLS_PRIVATE_EXTERN = NO;
				GCC_WARN_64_TO_32_BIT_CONVERSION = YES;
				GCC_WARN_ABOUT_RETURN_TYPE = YES_ERROR;
				GCC_WARN_UNDECLARED_SELECTOR = YES;
				GCC_WARN_UNINITIALIZED_AUTOS = YES_AGGRESSIVE;
				GCC_WARN_UNUSED_FUNCTION = YES;
				GCC_WARN_UNUSED_VARIABLE = YES;
				IPHONEOS_DEPLOYMENT_TARGET = 8.2;
				MTL_ENABLE_DEBUG_INFO = YES;
				ONLY_ACTIVE_ARCH = YES;
				SDKROOT = iphoneos;
				SWIFT_OBJC_BRIDGING_HEADER = "/Users/rustic_rosh/Desktop/Vastika/Information/<#Information#>-Bridging-Header.h";
				TARGETED_DEVICE_FAMILY = "1,2";
			};
			name = Debug;
		};
		C9402DE31AC31981006FB1F5 /* Release */ = {
			isa = XCBuildConfiguration;
			buildSettings = {
				ALWAYS_SEARCH_USER_PATHS = NO;
				CLANG_CXX_LANGUAGE_STANDARD = "gnu++0x";
				CLANG_CXX_LIBRARY = "libc++";
				CLANG_ENABLE_MODULES = YES;
				CLANG_ENABLE_OBJC_ARC = YES;
				CLANG_WARN_BOOL_CONVERSION = YES;
				CLANG_WARN_CONSTANT_CONVERSION = YES;
				CLANG_WARN_DIRECT_OBJC_ISA_USAGE = YES_ERROR;
				CLANG_WARN_EMPTY_BODY = YES;
				CLANG_WARN_ENUM_CONVERSION = YES;
				CLANG_WARN_INT_CONVERSION = YES;
				CLANG_WARN_OBJC_ROOT_CLASS = YES_ERROR;
				CLANG_WARN_UNREACHABLE_CODE = YES;
				CLANG_WARN__DUPLICATE_METHOD_MATCH = YES;
				"CODE_SIGN_IDENTITY[sdk=iphoneos*]" = "iPhone Developer";
				COPY_PHASE_STRIP = NO;
				ENABLE_NS_ASSERTIONS = NO;
				ENABLE_STRICT_OBJC_MSGSEND = YES;
				GCC_C_LANGUAGE_STANDARD = gnu99;
				GCC_WARN_64_TO_32_BIT_CONVERSION = YES;
				GCC_WARN_ABOUT_RETURN_TYPE = YES_ERROR;
				GCC_WARN_UNDECLARED_SELECTOR = YES;
				GCC_WARN_UNINITIALIZED_AUTOS = YES_AGGRESSIVE;
				GCC_WARN_UNUSED_FUNCTION = YES;
				GCC_WARN_UNUSED_VARIABLE = YES;
				IPHONEOS_DEPLOYMENT_TARGET = 8.2;
				MTL_ENABLE_DEBUG_INFO = NO;
				SDKROOT = iphoneos;
				SWIFT_OBJC_BRIDGING_HEADER = "/Users/rustic_rosh/Desktop/Vastika/Information/<#Information#>-Bridging-Header.h";
				TARGETED_DEVICE_FAMILY = "1,2";
				VALIDATE_PRODUCT = YES;
			};
			name = Release;
		};
		C9402DE51AC31981006FB1F5 /* Debug */ = {
			isa = XCBuildConfiguration;
			buildSettings = {
				ASSETCATALOG_COMPILER_APPICON_NAME = AppIcon;
				CLANG_ENABLE_MODULES = YES;
				FRAMEWORK_SEARCH_PATHS = (
					"$(inherited)",
					/Volumes/Work/Parse,
				);
				INFOPLIST_FILE = Information/Info.plist;
				LD_RUNPATH_SEARCH_PATHS = "$(inherited) @executable_path/Frameworks";
				PRODUCT_NAME = "$(TARGET_NAME)";
				SWIFT_OBJC_BRIDGING_HEADER = "";
				SWIFT_OPTIMIZATION_LEVEL = "-Onone";
			};
			name = Debug;
		};
		C9402DE61AC31981006FB1F5 /* Release */ = {
			isa = XCBuildConfiguration;
			buildSettings = {
				ASSETCATALOG_COMPILER_APPICON_NAME = AppIcon;
				CLANG_ENABLE_MODULES = YES;
				FRAMEWORK_SEARCH_PATHS = (
					"$(inherited)",
					/Volumes/Work/Parse,
				);
				INFOPLIST_FILE = Information/Info.plist;
				LD_RUNPATH_SEARCH_PATHS = "$(inherited) @executable_path/Frameworks";
				PRODUCT_NAME = "$(TARGET_NAME)";
				SWIFT_OBJC_BRIDGING_HEADER = "";
			};
			name = Release;
		};
		C9402DE81AC31981006FB1F5 /* Debug */ = {
			isa = XCBuildConfiguration;
			buildSettings = {
				BUNDLE_LOADER = "$(TEST_HOST)";
				FRAMEWORK_SEARCH_PATHS = (
					"$(SDKROOT)/Developer/Library/Frameworks",
					"$(inherited)",
				);
				GCC_PREPROCESSOR_DEFINITIONS = (
					"DEBUG=1",
					"$(inherited)",
				);
				INFOPLIST_FILE = InformationTests/Info.plist;
				LD_RUNPATH_SEARCH_PATHS = "$(inherited) @executable_path/Frameworks @loader_path/Frameworks";
				PRODUCT_NAME = "$(TARGET_NAME)";
				TEST_HOST = "$(BUILT_PRODUCTS_DIR)/Information.app/Information";
			};
			name = Debug;
		};
		C9402DE91AC31981006FB1F5 /* Release */ = {
			isa = XCBuildConfiguration;
			buildSettings = {
				BUNDLE_LOADER = "$(TEST_HOST)";
				FRAMEWORK_SEARCH_PATHS = (
					"$(SDKROOT)/Developer/Library/Frameworks",
					"$(inherited)",
				);
				INFOPLIST_FILE = InformationTests/Info.plist;
				LD_RUNPATH_SEARCH_PATHS = "$(inherited) @executable_path/Frameworks @loader_path/Frameworks";
				PRODUCT_NAME = "$(TARGET_NAME)";
				TEST_HOST = "$(BUILT_PRODUCTS_DIR)/Information.app/Information";
			};
			name = Release;
		};
/* End XCBuildConfiguration section */

/* Begin XCConfigurationList section */
		C9402DB91AC31980006FB1F5 /* Build configuration list for PBXProject "Information" */ = {
			isa = XCConfigurationList;
			buildConfigurations = (
				C9402DE21AC31981006FB1F5 /* Debug */,
				C9402DE31AC31981006FB1F5 /* Release */,
			);
			defaultConfigurationIsVisible = 0;
			defaultConfigurationName = Release;
		};
		C9402DE41AC31981006FB1F5 /* Build configuration list for PBXNativeTarget "Information" */ = {
			isa = XCConfigurationList;
			buildConfigurations = (
				C9402DE51AC31981006FB1F5 /* Debug */,
				C9402DE61AC31981006FB1F5 /* Release */,
			);
			defaultConfigurationIsVisible = 0;
			defaultConfigurationName = Release;
		};
		C9402DE71AC31981006FB1F5 /* Build configuration list for PBXNativeTarget "InformationTests" */ = {
			isa = XCConfigurationList;
			buildConfigurations = (
				C9402DE81AC31981006FB1F5 /* Debug */,
				C9402DE91AC31981006FB1F5 /* Release */,
			);
			defaultConfigurationIsVisible = 0;
			defaultConfigurationName = Release;
		};
/* End XCConfigurationList section */

/* Begin XCVersionGroup section */
		C9402DC81AC31981006FB1F5 /* Information.xcdatamodeld */ = {
			isa = XCVersionGroup;
			children = (
				C9402DC91AC31981006FB1F5 /* Information.xcdatamodel */,
			);
			currentVersion = C9402DC91AC31981006FB1F5 /* Information.xcdatamodel */;
			path = Information.xcdatamodeld;
			sourceTree = "<group>";
			versionGroupType = wrapper.xcdatamodel;
		};
/* End XCVersionGroup section */
	};
	rootObject = C9402DB61AC31980006FB1F5 /* Project object */;
}
